PODS:
  - GiniCapture (1.0.7):
    - GiniCapture/Core (= 1.0.7)
  - GiniCapture/Core (1.0.7)
  - GiniHealth (0.0.1):
    - GiniHealth/Core (= 0.0.1)
  - GiniHealth/Core (0.0.1):
    - GiniPayApiLib/DocumentsAPI (>= 1.0.3)
    - GiniPayApiLib/Pinning (>= 1.0.3)
  - GiniHealth/Tests (0.0.1)
  - GiniPayApiLib/DocumentsAPI (1.0.10)
  - GiniPayApiLib/Pinning (1.0.10):
    - GiniPayApiLib/DocumentsAPI
    - TrustKit (~> 1.6)
  - TrustKit (1.6.5)

DEPENDENCIES:
  - GiniCapture
  - GiniHealth (from `../`)
  - GiniHealth/Tests (from `../`)

SPEC REPOS:
  https://github.com/CocoaPods/Specs.git:
    - TrustKit
  https://github.com/gini/gini-podspecs.git:
    - GiniCapture
    - GiniPayApiLib

EXTERNAL SOURCES:
  GiniHealth:
    :path: "../"

SPEC CHECKSUMS:
  GiniCapture: e010682389214026896786ba714c730e5cb8c0a6
  GiniHealth: f35f2efbfbe1f67aa739cd65cf1745346b2be695
  GiniPayApiLib: 79595a29253b58ce6f95009f8a334fb7a09e9ef3
  TrustKit: 073855e3adecd317417bda4ac9e9ac54a2e3b9f2

PODFILE CHECKSUM: ac44830a9a8abdbd68fa6d7cb93e4e4d42c56560

COCOAPODS: 1.11.0.beta.2
